
Microsoft Visual Studio Solution File, Format Version 12.00
# Visual Studio Version 16
VisualStudioVersion = 16.0.33214.272
MinimumVisualStudioVersion = 10.0.40219.1
Project("{FAE04EC0-301F-11D3-BF4B-00C04F79EFBC}") = "Aula06Streaming", "Aula06Streaming\Aula06Streaming.csproj", "{F847B4EC-56CA-4969-8371-764963CCA843}"
EndProject
Global
	GlobalSection(SolutionConfigurationPlatforms) = preSolution
		Debug|Any CPU = Debug|Any CPU
		Release|Any CPU = Release|Any CPU
	EndGlobalSection
	GlobalSection(ProjectConfigurationPlatforms) = postSolution
		{F847B4EC-56CA-4969-8371-764963CCA843}.Debug|Any CPU.ActiveCfg = Debug|Any CPU
		{F847B4EC-56CA-4969-8371-764963CCA843}.Debug|Any CPU.Build.0 = Debug|Any CPU
		{F847B4EC-56CA-4969-8371-764963CCA843}.Release|Any CPU.ActiveCfg = Release|Any CPU
		{F847B4EC-56CA-4969-8371-764963CCA843}.Release|Any CPU.Build.0 = Release|Any CPU
	EndGlobalSection
	GlobalSection(SolutionProperties) = preSolution
		HideSolutionNode = FALSE
	EndGlobalSection
	GlobalSection(ExtensibilityGlobals) = postSolution
		SolutionGuid = {4424CE1B-0B1F-4890-AD1C-4A2526F3C17E}
	EndGlobalSection
EndGlobal
